
Microsoft Visual Studio Solution File, Format Version 12.00
# Visual Studio Version 17
VisualStudioVersion = 17.11.35111.106
MinimumVisualStudioVersion = 10.0.40219.1
Project("{888888A0-9F3D-457C-B088-3A5042F75D52}") = "AurapiGraphic", "AurapiGraphic\AurapiGraphic.pyproj", "{BC07A878-90CF-4474-9A99-5C42706B84A5}"
EndProject
Global
	GlobalSection(SolutionConfigurationPlatforms) = preSolution
		Debug|Any CPU = Debug|Any CPU
		Release|Any CPU = Release|Any CPU
	EndGlobalSection
	GlobalSection(ProjectConfigurationPlatforms) = postSolution
		{BC07A878-90CF-4474-9A99-5C42706B84A5}.Debug|Any CPU.ActiveCfg = Debug|Any CPU
		{BC07A878-90CF-4474-9A99-5C42706B84A5}.Release|Any CPU.ActiveCfg = Release|Any CPU
	EndGlobalSection
	GlobalSection(SolutionProperties) = preSolution
		HideSolutionNode = FALSE
	EndGlobalSection
	GlobalSection(ExtensibilityGlobals) = postSolution
		SolutionGuid = {64ACB87F-5DFC-41F6-AD01-2F0D28830586}
	EndGlobalSection
EndGlobal
